// !$*UTF8*$!
{
	archiveVersion = 1;
	classes = {
	};
	objectVersion = 56;
	objects = {

/* Begin PBXBuildFile section */
		823601FD2981F3AC002E7AEC /* SignInButton.swift in Sources */ = {isa = PBXBuildFile; fileRef = 823601FC2981F3AC002E7AEC /* SignInButton.swift */; };
		823602012981F81D002E7AEC /* LoginScreen.swift in Sources */ = {isa = PBXBuildFile; fileRef = 823602002981F81D002E7AEC /* LoginScreen.swift */; };
		823602032981F84E002E7AEC /* ForgotPasswordButton.swift in Sources */ = {isa = PBXBuildFile; fileRef = 823602022981F84E002E7AEC /* ForgotPasswordButton.swift */; };
		823602052985ABF0002E7AEC /* PostView.swift in Sources */ = {isa = PBXBuildFile; fileRef = 823602042985ABF0002E7AEC /* PostView.swift */; };
		82360208298748CC002E7AEC /* CategoryView.swift in Sources */ = {isa = PBXBuildFile; fileRef = 82360207298748CC002E7AEC /* CategoryView.swift */; };
		8236020A298748DF002E7AEC /* ReportButton.swift in Sources */ = {isa = PBXBuildFile; fileRef = 82360209298748DF002E7AEC /* ReportButton.swift */; };
		8236020C298748E9002E7AEC /* BuyButton.swift in Sources */ = {isa = PBXBuildFile; fileRef = 8236020B298748E9002E7AEC /* BuyButton.swift */; };
		8236020E298791BE002E7AEC /* BookmarkButton.swift in Sources */ = {isa = PBXBuildFile; fileRef = 8236020D298791BE002E7AEC /* BookmarkButton.swift */; };
		8236021029879425002E7AEC /* PostDescriptionView.swift in Sources */ = {isa = PBXBuildFile; fileRef = 8236020F29879425002E7AEC /* PostDescriptionView.swift */; };
		8236CFDF296D34210086AB15 /* FirebaseAnalytics in Frameworks */ = {isa = PBXBuildFile; productRef = 8236CFDE296D34210086AB15 /* FirebaseAnalytics */; };
		8236CFE1296D34210086AB15 /* FirebaseAnalyticsOnDeviceConversion in Frameworks */ = {isa = PBXBuildFile; productRef = 8236CFE0296D34210086AB15 /* FirebaseAnalyticsOnDeviceConversion */; };
		8236CFE3296D34210086AB15 /* FirebaseAnalyticsSwift in Frameworks */ = {isa = PBXBuildFile; productRef = 8236CFE2296D34210086AB15 /* FirebaseAnalyticsSwift */; };
		8236CFE5296D34210086AB15 /* FirebaseAnalyticsWithoutAdIdSupport in Frameworks */ = {isa = PBXBuildFile; productRef = 8236CFE4296D34210086AB15 /* FirebaseAnalyticsWithoutAdIdSupport */; };
		8236CFE7296D34210086AB15 /* FirebaseAuth in Frameworks */ = {isa = PBXBuildFile; productRef = 8236CFE6296D34210086AB15 /* FirebaseAuth */; };
		8236CFE9296D34210086AB15 /* FirebaseCrashlytics in Frameworks */ = {isa = PBXBuildFile; productRef = 8236CFE8296D34210086AB15 /* FirebaseCrashlytics */; };
		8236CFEB296D34210086AB15 /* FirebaseDynamicLinks in Frameworks */ = {isa = PBXBuildFile; productRef = 8236CFEA296D34210086AB15 /* FirebaseDynamicLinks */; };
		8236CFED296D34210086AB15 /* FirebaseFirestore in Frameworks */ = {isa = PBXBuildFile; productRef = 8236CFEC296D34210086AB15 /* FirebaseFirestore */; };
		8236CFEF296D34210086AB15 /* FirebaseFirestoreSwift in Frameworks */ = {isa = PBXBuildFile; productRef = 8236CFEE296D34210086AB15 /* FirebaseFirestoreSwift */; };
		8236CFF1296D34210086AB15 /* FirebaseFunctions in Frameworks */ = {isa = PBXBuildFile; productRef = 8236CFF0296D34210086AB15 /* FirebaseFunctions */; };
		8236CFF3296D34210086AB15 /* FirebaseInAppMessaging-Beta in Frameworks */ = {isa = PBXBuildFile; productRef = 8236CFF2296D34210086AB15 /* FirebaseInAppMessaging-Beta */; };
		8236CFF5296D34210086AB15 /* FirebaseInAppMessagingSwift-Beta in Frameworks */ = {isa = PBXBuildFile; productRef = 8236CFF4296D34210086AB15 /* FirebaseInAppMessagingSwift-Beta */; };
		8236CFF7296D34210086AB15 /* FirebaseMessaging in Frameworks */ = {isa = PBXBuildFile; productRef = 8236CFF6296D34210086AB15 /* FirebaseMessaging */; };
		8236CFF9296D34210086AB15 /* FirebasePerformance in Frameworks */ = {isa = PBXBuildFile; productRef = 8236CFF8296D34210086AB15 /* FirebasePerformance */; };
		8236CFFB296D34210086AB15 /* FirebaseStorage in Frameworks */ = {isa = PBXBuildFile; productRef = 8236CFFA296D34210086AB15 /* FirebaseStorage */; };
		8236CFFD296F2AF00086AB15 /* AuthManager.swift in Sources */ = {isa = PBXBuildFile; fileRef = 8236CFFC296F2AF00086AB15 /* AuthManager.swift */; };
		8294FAAC296B9F5B004001AE /* UserModel.swift in Sources */ = {isa = PBXBuildFile; fileRef = 8294FAAB296B9F5B004001AE /* UserModel.swift */; };
		8294FAAE296B9F64004001AE /* PostModel.swift in Sources */ = {isa = PBXBuildFile; fileRef = 8294FAAD296B9F64004001AE /* PostModel.swift */; };
		8294FAE7296BB945004001AE /* CustomInputField.swift in Sources */ = {isa = PBXBuildFile; fileRef = 8294FAE6296BB945004001AE /* CustomInputField.swift */; };
		8294FAE9296BCB76004001AE /* CreateAccountScreen.swift in Sources */ = {isa = PBXBuildFile; fileRef = 8294FAE8296BCB76004001AE /* CreateAccountScreen.swift */; };
		82B6B2BB2989EC0E00027E5A /* MakePostScreen.swift in Sources */ = {isa = PBXBuildFile; fileRef = 82B6B2BA2989EC0E00027E5A /* MakePostScreen.swift */; };
		82B6B2BE2989ECD300027E5A /* MakePostScreenExit.swift in Sources */ = {isa = PBXBuildFile; fileRef = 82B6B2BD2989ECD300027E5A /* MakePostScreenExit.swift */; };
		82B6B2C42989EE8800027E5A /* MakePostButton.swift in Sources */ = {isa = PBXBuildFile; fileRef = 82B6B2C32989EE8800027E5A /* MakePostButton.swift */; };
		82B6B2C62989F38F00027E5A /* CategorySelectorView.swift in Sources */ = {isa = PBXBuildFile; fileRef = 82B6B2C52989F38F00027E5A /* CategorySelectorView.swift */; };
		82B6B2C82989F45300027E5A /* CategoryIcon.swift in Sources */ = {isa = PBXBuildFile; fileRef = 82B6B2C72989F45300027E5A /* CategoryIcon.swift */; };
		82B6B2CB298A13E100027E5A /* ConditionNavigatorView.swift in Sources */ = {isa = PBXBuildFile; fileRef = 82B6B2CA298A13E100027E5A /* ConditionNavigatorView.swift */; };
		82B6B2CD298A14DC00027E5A /* ConditionIcon.swift in Sources */ = {isa = PBXBuildFile; fileRef = 82B6B2CC298A14DC00027E5A /* ConditionIcon.swift */; };
		82B6B2CF298A16BD00027E5A /* MakePostTextInputs.swift in Sources */ = {isa = PBXBuildFile; fileRef = 82B6B2CE298A16BD00027E5A /* MakePostTextInputs.swift */; };
		82B6B2D3298A531300027E5A /* Date.swift in Sources */ = {isa = PBXBuildFile; fileRef = 82B6B2D2298A531300027E5A /* Date.swift */; };
		82B6B2D5298AD21800027E5A /* PostViewPrev.swift in Sources */ = {isa = PBXBuildFile; fileRef = 82B6B2D4298AD21800027E5A /* PostViewPrev.swift */; };
		82B6B2D7298AD29300027E5A /* CategoryViewPrev.swift in Sources */ = {isa = PBXBuildFile; fileRef = 82B6B2D6298AD29300027E5A /* CategoryViewPrev.swift */; };
		82B6B2D9298ADAE700027E5A /* ForgotPasswordScreen.swift in Sources */ = {isa = PBXBuildFile; fileRef = 82B6B2D8298ADAE700027E5A /* ForgotPasswordScreen.swift */; };
		82B6B2DB298AE00800027E5A /* PasswordResetButton.swift in Sources */ = {isa = PBXBuildFile; fileRef = 82B6B2DA298AE00800027E5A /* PasswordResetButton.swift */; };
		82B6B2DD298AE9BF00027E5A /* DeleteButton.swift in Sources */ = {isa = PBXBuildFile; fileRef = 82B6B2DC298AE9BF00027E5A /* DeleteButton.swift */; };
		82B6B2DF298B270300027E5A /* TermsConditionsScreen.swift in Sources */ = {isa = PBXBuildFile; fileRef = 82B6B2DE298B270300027E5A /* TermsConditionsScreen.swift */; };
		82B6B2E4298B73E000027E5A /* ChooseCategoryButton.swift in Sources */ = {isa = PBXBuildFile; fileRef = 82B6B2E3298B73E000027E5A /* ChooseCategoryButton.swift */; };
		82B6B2E6298B75D800027E5A /* CategoryIconView.swift in Sources */ = {isa = PBXBuildFile; fileRef = 82B6B2E5298B75D800027E5A /* CategoryIconView.swift */; };
		82B6B2E9298B787E00027E5A /* CategoryModal.swift in Sources */ = {isa = PBXBuildFile; fileRef = 82B6B2E8298B787E00027E5A /* CategoryModal.swift */; };
		82B6B2EC298C3BD300027E5A /* Network.swift in Sources */ = {isa = PBXBuildFile; fileRef = 82B6B2EB298C3BD200027E5A /* Network.swift */; };
		82B6B2EE298C3FFB00027E5A /* ImageSelectorView.swift in Sources */ = {isa = PBXBuildFile; fileRef = 82B6B2ED298C3FFA00027E5A /* ImageSelectorView.swift */; };
		82B6B2F0298C438E00027E5A /* CameraRollButton.swift in Sources */ = {isa = PBXBuildFile; fileRef = 82B6B2EF298C438E00027E5A /* CameraRollButton.swift */; };
		82B6B2F2298C4F1500027E5A /* CameraButton.swift in Sources */ = {isa = PBXBuildFile; fileRef = 82B6B2F1298C4F1500027E5A /* CameraButton.swift */; };
		82B6B2F4298C514400027E5A /* ImagePreview.swift in Sources */ = {isa = PBXBuildFile; fileRef = 82B6B2F3298C514400027E5A /* ImagePreview.swift */; };
		82B6B2F6298E018B00027E5A /* Haptics.swift in Sources */ = {isa = PBXBuildFile; fileRef = 82B6B2F5298E018B00027E5A /* Haptics.swift */; };
		82B6B2F8298F27A100027E5A /* Camera.swift in Sources */ = {isa = PBXBuildFile; fileRef = 82B6B2F7298F27A100027E5A /* Camera.swift */; };
		82B6B2FA298F394300027E5A /* CameraView.swift in Sources */ = {isa = PBXBuildFile; fileRef = 82B6B2F9298F394300027E5A /* CameraView.swift */; };
		82B6B2FC298F3C8300027E5A /* CustomCameraView.swift in Sources */ = {isa = PBXBuildFile; fileRef = 82B6B2FB298F3C8300027E5A /* CustomCameraView.swift */; };
		82CBC2A0298795E4001966E3 /* PostActionView.swift in Sources */ = {isa = PBXBuildFile; fileRef = 82CBC29F298795E4001966E3 /* PostActionView.swift */; };
		82CBC2A2298796E7001966E3 /* PosterInfoView.swift in Sources */ = {isa = PBXBuildFile; fileRef = 82CBC2A1298796E7001966E3 /* PosterInfoView.swift */; };
		82CBC2A429879752001966E3 /* PostImageView.swift in Sources */ = {isa = PBXBuildFile; fileRef = 82CBC2A329879752001966E3 /* PostImageView.swift */; };
		82CBC2A92988D1A2001966E3 /* PageBottomDivider.swift in Sources */ = {isa = PBXBuildFile; fileRef = 82CBC2A82988D1A2001966E3 /* PageBottomDivider.swift */; };
		82CBC2AC2989BAAC001966E3 /* PostModalActions.swift in Sources */ = {isa = PBXBuildFile; fileRef = 82CBC2AB2989BAAC001966E3 /* PostModalActions.swift */; };
		82CBC2AE2989BB21001966E3 /* PostModalDescription.swift in Sources */ = {isa = PBXBuildFile; fileRef = 82CBC2AD2989BB21001966E3 /* PostModalDescription.swift */; };
		82CBC2B02989BBD7001966E3 /* PostModalPosterInfo.swift in Sources */ = {isa = PBXBuildFile; fileRef = 82CBC2AF2989BBD7001966E3 /* PostModalPosterInfo.swift */; };
		82CBC2B22989BC2F001966E3 /* PostModalPostActions.swift in Sources */ = {isa = PBXBuildFile; fileRef = 82CBC2B12989BC2F001966E3 /* PostModalPostActions.swift */; };
		82CEFC322969CB2C00C55F67 /* DAHAApp.swift in Sources */ = {isa = PBXBuildFile; fileRef = 82CEFC312969CB2C00C55F67 /* DAHAApp.swift */; };
		82CEFC342969CB2C00C55F67 /* ContentView.swift in Sources */ = {isa = PBXBuildFile; fileRef = 82CEFC332969CB2C00C55F67 /* ContentView.swift */; };
		82CEFC362969CB2D00C55F67 /* Assets.xcassets in Resources */ = {isa = PBXBuildFile; fileRef = 82CEFC352969CB2D00C55F67 /* Assets.xcassets */; };
		82CEFC392969CB2D00C55F67 /* Preview Assets.xcassets in Resources */ = {isa = PBXBuildFile; fileRef = 82CEFC382969CB2D00C55F67 /* Preview Assets.xcassets */; };
		82CEFC442969CBDB00C55F67 /* Colors.swift in Sources */ = {isa = PBXBuildFile; fileRef = 82CEFC432969CBDB00C55F67 /* Colors.swift */; };
		82CEFC462969CBF000C55F67 /* Images.swift in Sources */ = {isa = PBXBuildFile; fileRef = 82CEFC452969CBF000C55F67 /* Images.swift */; };
		82CEFC482969CC0500C55F67 /* Text.swift in Sources */ = {isa = PBXBuildFile; fileRef = 82CEFC472969CC0500C55F67 /* Text.swift */; };
		82CEFC4C2969CC3300C55F67 /* TextField.swift in Sources */ = {isa = PBXBuildFile; fileRef = 82CEFC4B2969CC3300C55F67 /* TextField.swift */; };
		82CEFC502969CC5B00C55F67 /* DeviceDimensions.swift in Sources */ = {isa = PBXBuildFile; fileRef = 82CEFC4F2969CC5B00C55F67 /* DeviceDimensions.swift */; };
		82CEFC522969CC7000C55F67 /* UserAuth.swift in Sources */ = {isa = PBXBuildFile; fileRef = 82CEFC512969CC7000C55F67 /* UserAuth.swift */; };
		82CEFC542969CC9B00C55F67 /* LaunchScreen.swift in Sources */ = {isa = PBXBuildFile; fileRef = 82CEFC532969CC9B00C55F67 /* LaunchScreen.swift */; };
		82CEFC572969CD5A00C55F67 /* MainScreen.swift in Sources */ = {isa = PBXBuildFile; fileRef = 82CEFC562969CD5A00C55F67 /* MainScreen.swift */; };
		82CEFC592969CD7400C55F67 /* HomeScreen.swift in Sources */ = {isa = PBXBuildFile; fileRef = 82CEFC582969CD7400C55F67 /* HomeScreen.swift */; };
		82CEFC5B2969CDD300C55F67 /* SearchScreen.swift in Sources */ = {isa = PBXBuildFile; fileRef = 82CEFC5A2969CDD300C55F67 /* SearchScreen.swift */; };
		82CEFC5D2969CDEB00C55F67 /* SavedScreen.swift in Sources */ = {isa = PBXBuildFile; fileRef = 82CEFC5C2969CDEB00C55F67 /* SavedScreen.swift */; };
		82CEFC5F2969CE0700C55F67 /* ProfileScreen.swift in Sources */ = {isa = PBXBuildFile; fileRef = 82CEFC5E2969CE0700C55F67 /* ProfileScreen.swift */; };
		82CEFC622969CE3700C55F67 /* PostModal.swift in Sources */ = {isa = PBXBuildFile; fileRef = 82CEFC612969CE3700C55F67 /* PostModal.swift */; };
		82CEFC642969CE5200C55F67 /* DMScreen.swift in Sources */ = {isa = PBXBuildFile; fileRef = 82CEFC632969CE5200C55F67 /* DMScreen.swift */; };
		82CEFC662969CE5F00C55F67 /* SearchBarScreen.swift in Sources */ = {isa = PBXBuildFile; fileRef = 82CEFC652969CE5F00C55F67 /* SearchBarScreen.swift */; };
		82CEFC682969CE7E00C55F67 /* SettingsScreen.swift in Sources */ = {isa = PBXBuildFile; fileRef = 82CEFC672969CE7E00C55F67 /* SettingsScreen.swift */; };
		82CEFC6B2969CEA500C55F67 /* SetUpScreen.swift in Sources */ = {isa = PBXBuildFile; fileRef = 82CEFC6A2969CEA500C55F67 /* SetUpScreen.swift */; };
		82CEFC6E2969CEBA00C55F67 /* Test.swift in Sources */ = {isa = PBXBuildFile; fileRef = 82CEFC6D2969CEBA00C55F67 /* Test.swift */; };
		82CEFC742969CF0100C55F67 /* SchoolEmailScreen.swift in Sources */ = {isa = PBXBuildFile; fileRef = 82CEFC732969CF0100C55F67 /* SchoolEmailScreen.swift */; };
		82CEFC762969CF3E00C55F67 /* HeaderView.swift in Sources */ = {isa = PBXBuildFile; fileRef = 82CEFC752969CF3E00C55F67 /* HeaderView.swift */; };
		82CEFC782969CF5A00C55F67 /* TabBarView.swift in Sources */ = {isa = PBXBuildFile; fileRef = 82CEFC772969CF5A00C55F67 /* TabBarView.swift */; };
		82CEFC7A2969CF7100C55F67 /* BackgroundColor.swift in Sources */ = {isa = PBXBuildFile; fileRef = 82CEFC792969CF7100C55F67 /* BackgroundColor.swift */; };
		82CEFC7C2969CF8D00C55F67 /* UniversityNotFoundView.swift in Sources */ = {isa = PBXBuildFile; fileRef = 82CEFC7B2969CF8D00C55F67 /* UniversityNotFoundView.swift */; };
		82CEFC7F2969CFB700C55F67 /* SignUpButton.swift in Sources */ = {isa = PBXBuildFile; fileRef = 82CEFC7E2969CFB700C55F67 /* SignUpButton.swift */; };
		82CEFC812969CFCA00C55F67 /* PostButton.swift in Sources */ = {isa = PBXBuildFile; fileRef = 82CEFC802969CFCA00C55F67 /* PostButton.swift */; };
		82CEFC832969CFF400C55F67 /* DMButton.swift in Sources */ = {isa = PBXBuildFile; fileRef = 82CEFC822969CFF400C55F67 /* DMButton.swift */; };
		82CEFC852969D00D00C55F67 /* SettingsButton.swift in Sources */ = {isa = PBXBuildFile; fileRef = 82CEFC842969D00D00C55F67 /* SettingsButton.swift */; };
		82CEFC872969D02400C55F67 /* LoginButton.swift in Sources */ = {isa = PBXBuildFile; fileRef = 82CEFC862969D02400C55F67 /* LoginButton.swift */; };
		82CEFC8B2969D06700C55F67 /* FirstContinueButton.swift in Sources */ = {isa = PBXBuildFile; fileRef = 82CEFC8A2969D06700C55F67 /* FirstContinueButton.swift */; };
		82D2D0DF296BD41200CB4B9A /* EmailVerificationScreen.swift in Sources */ = {isa = PBXBuildFile; fileRef = 82D2D0DE296BD41200CB4B9A /* EmailVerificationScreen.swift */; };
		82D2D0E2296CAD6700CB4B9A /* FirestoreManager.swift in Sources */ = {isa = PBXBuildFile; fileRef = 82D2D0E1296CAD6700CB4B9A /* FirestoreManager.swift */; };
		82DF4CAC296F5C6B00A309CF /* ResendButton.swift in Sources */ = {isa = PBXBuildFile; fileRef = 82DF4CAB296F5C6B00A309CF /* ResendButton.swift */; };
		82DF4CAE296F614500A309CF /* SecondContinueButton.swift in Sources */ = {isa = PBXBuildFile; fileRef = 82DF4CAD296F614500A309CF /* SecondContinueButton.swift */; };
		82DF4CB329775B5300A309CF /* GoogleService-Info.plist in Resources */ = {isa = PBXBuildFile; fileRef = 82DF4CB229775B5300A309CF /* GoogleService-Info.plist */; };
		82E75AC3297E321600742F18 /* Email API.swift in Sources */ = {isa = PBXBuildFile; fileRef = 82E75AC2297E321600742F18 /* Email API.swift */; };
		82E75AC6297E35F600742F18 /* PostmarkSwift in Frameworks */ = {isa = PBXBuildFile; productRef = 82E75AC5297E35F600742F18 /* PostmarkSwift */; };
/* End PBXBuildFile section */

/* Begin PBXFileReference section */
		823601FC2981F3AC002E7AEC /* SignInButton.swift */ = {isa = PBXFileReference; lastKnownFileType = sourcecode.swift; path = SignInButton.swift; sourceTree = "<group>"; };
		823602002981F81D002E7AEC /* LoginScreen.swift */ = {isa = PBXFileReference; lastKnownFileType = sourcecode.swift; path = LoginScreen.swift; sourceTree = "<group>"; };
		823602022981F84E002E7AEC /* ForgotPasswordButton.swift */ = {isa = PBXFileReference; lastKnownFileType = sourcecode.swift; path = ForgotPasswordButton.swift; sourceTree = "<group>"; };
		823602042985ABF0002E7AEC /* PostView.swift */ = {isa = PBXFileReference; lastKnownFileType = sourcecode.swift; path = PostView.swift; sourceTree = "<group>"; };
		82360207298748CC002E7AEC /* CategoryView.swift */ = {isa = PBXFileReference; lastKnownFileType = sourcecode.swift; path = CategoryView.swift; sourceTree = "<group>"; };
		82360209298748DF002E7AEC /* ReportButton.swift */ = {isa = PBXFileReference; lastKnownFileType = sourcecode.swift; path = ReportButton.swift; sourceTree = "<group>"; };
		8236020B298748E9002E7AEC /* BuyButton.swift */ = {isa = PBXFileReference; lastKnownFileType = sourcecode.swift; path = BuyButton.swift; sourceTree = "<group>"; };
		8236020D298791BE002E7AEC /* BookmarkButton.swift */ = {isa = PBXFileReference; lastKnownFileType = sourcecode.swift; path = BookmarkButton.swift; sourceTree = "<group>"; };
		8236020F29879425002E7AEC /* PostDescriptionView.swift */ = {isa = PBXFileReference; lastKnownFileType = sourcecode.swift; path = PostDescriptionView.swift; sourceTree = "<group>"; };
		8236CFFC296F2AF00086AB15 /* AuthManager.swift */ = {isa = PBXFileReference; lastKnownFileType = sourcecode.swift; path = AuthManager.swift; sourceTree = "<group>"; };
		8294FAAB296B9F5B004001AE /* UserModel.swift */ = {isa = PBXFileReference; lastKnownFileType = sourcecode.swift; path = UserModel.swift; sourceTree = "<group>"; };
		8294FAAD296B9F64004001AE /* PostModel.swift */ = {isa = PBXFileReference; lastKnownFileType = sourcecode.swift; path = PostModel.swift; sourceTree = "<group>"; };
		8294FAE6296BB945004001AE /* CustomInputField.swift */ = {isa = PBXFileReference; lastKnownFileType = sourcecode.swift; path = CustomInputField.swift; sourceTree = "<group>"; };
		8294FAE8296BCB76004001AE /* CreateAccountScreen.swift */ = {isa = PBXFileReference; lastKnownFileType = sourcecode.swift; path = CreateAccountScreen.swift; sourceTree = "<group>"; };
		82B6B2BA2989EC0E00027E5A /* MakePostScreen.swift */ = {isa = PBXFileReference; lastKnownFileType = sourcecode.swift; path = MakePostScreen.swift; sourceTree = "<group>"; };
		82B6B2BD2989ECD300027E5A /* MakePostScreenExit.swift */ = {isa = PBXFileReference; lastKnownFileType = sourcecode.swift; path = MakePostScreenExit.swift; sourceTree = "<group>"; };
		82B6B2C32989EE8800027E5A /* MakePostButton.swift */ = {isa = PBXFileReference; lastKnownFileType = sourcecode.swift; path = MakePostButton.swift; sourceTree = "<group>"; };
		82B6B2C52989F38F00027E5A /* CategorySelectorView.swift */ = {isa = PBXFileReference; lastKnownFileType = sourcecode.swift; path = CategorySelectorView.swift; sourceTree = "<group>"; };
		82B6B2C72989F45300027E5A /* CategoryIcon.swift */ = {isa = PBXFileReference; lastKnownFileType = sourcecode.swift; path = CategoryIcon.swift; sourceTree = "<group>"; };
		82B6B2CA298A13E100027E5A /* ConditionNavigatorView.swift */ = {isa = PBXFileReference; lastKnownFileType = sourcecode.swift; path = ConditionNavigatorView.swift; sourceTree = "<group>"; };
		82B6B2CC298A14DC00027E5A /* ConditionIcon.swift */ = {isa = PBXFileReference; lastKnownFileType = sourcecode.swift; path = ConditionIcon.swift; sourceTree = "<group>"; };
		82B6B2CE298A16BD00027E5A /* MakePostTextInputs.swift */ = {isa = PBXFileReference; lastKnownFileType = sourcecode.swift; path = MakePostTextInputs.swift; sourceTree = "<group>"; };
		82B6B2D2298A531300027E5A /* Date.swift */ = {isa = PBXFileReference; lastKnownFileType = sourcecode.swift; path = Date.swift; sourceTree = "<group>"; };
		82B6B2D4298AD21800027E5A /* PostViewPrev.swift */ = {isa = PBXFileReference; lastKnownFileType = sourcecode.swift; path = PostViewPrev.swift; sourceTree = "<group>"; };
		82B6B2D6298AD29300027E5A /* CategoryViewPrev.swift */ = {isa = PBXFileReference; lastKnownFileType = sourcecode.swift; path = CategoryViewPrev.swift; sourceTree = "<group>"; };
		82B6B2D8298ADAE700027E5A /* ForgotPasswordScreen.swift */ = {isa = PBXFileReference; lastKnownFileType = sourcecode.swift; path = ForgotPasswordScreen.swift; sourceTree = "<group>"; };
		82B6B2DA298AE00800027E5A /* PasswordResetButton.swift */ = {isa = PBXFileReference; lastKnownFileType = sourcecode.swift; path = PasswordResetButton.swift; sourceTree = "<group>"; };
		82B6B2DC298AE9BF00027E5A /* DeleteButton.swift */ = {isa = PBXFileReference; lastKnownFileType = sourcecode.swift; path = DeleteButton.swift; sourceTree = "<group>"; };
		82B6B2DE298B270300027E5A /* TermsConditionsScreen.swift */ = {isa = PBXFileReference; lastKnownFileType = sourcecode.swift; path = TermsConditionsScreen.swift; sourceTree = "<group>"; };
		82B6B2E3298B73E000027E5A /* ChooseCategoryButton.swift */ = {isa = PBXFileReference; lastKnownFileType = sourcecode.swift; path = ChooseCategoryButton.swift; sourceTree = "<group>"; };
		82B6B2E5298B75D800027E5A /* CategoryIconView.swift */ = {isa = PBXFileReference; lastKnownFileType = sourcecode.swift; path = CategoryIconView.swift; sourceTree = "<group>"; };
		82B6B2E8298B787E00027E5A /* CategoryModal.swift */ = {isa = PBXFileReference; lastKnownFileType = sourcecode.swift; path = CategoryModal.swift; sourceTree = "<group>"; };
		82B6B2EB298C3BD200027E5A /* Network.swift */ = {isa = PBXFileReference; lastKnownFileType = sourcecode.swift; path = Network.swift; sourceTree = "<group>"; };
		82B6B2ED298C3FFA00027E5A /* ImageSelectorView.swift */ = {isa = PBXFileReference; lastKnownFileType = sourcecode.swift; path = ImageSelectorView.swift; sourceTree = "<group>"; };
		82B6B2EF298C438E00027E5A /* CameraRollButton.swift */ = {isa = PBXFileReference; lastKnownFileType = sourcecode.swift; path = CameraRollButton.swift; sourceTree = "<group>"; };
		82B6B2F1298C4F1500027E5A /* CameraButton.swift */ = {isa = PBXFileReference; lastKnownFileType = sourcecode.swift; path = CameraButton.swift; sourceTree = "<group>"; };
		82B6B2F3298C514400027E5A /* ImagePreview.swift */ = {isa = PBXFileReference; lastKnownFileType = sourcecode.swift; path = ImagePreview.swift; sourceTree = "<group>"; };
		82B6B2F5298E018B00027E5A /* Haptics.swift */ = {isa = PBXFileReference; lastKnownFileType = sourcecode.swift; path = Haptics.swift; sourceTree = "<group>"; };
		82B6B2F7298F27A100027E5A /* Camera.swift */ = {isa = PBXFileReference; lastKnownFileType = sourcecode.swift; path = Camera.swift; sourceTree = "<group>"; };
		82B6B2F9298F394300027E5A /* CameraView.swift */ = {isa = PBXFileReference; lastKnownFileType = sourcecode.swift; path = CameraView.swift; sourceTree = "<group>"; };
		82B6B2FB298F3C8300027E5A /* CustomCameraView.swift */ = {isa = PBXFileReference; lastKnownFileType = sourcecode.swift; path = CustomCameraView.swift; sourceTree = "<group>"; };
		82CBC29F298795E4001966E3 /* PostActionView.swift */ = {isa = PBXFileReference; lastKnownFileType = sourcecode.swift; path = PostActionView.swift; sourceTree = "<group>"; };
		82CBC2A1298796E7001966E3 /* PosterInfoView.swift */ = {isa = PBXFileReference; lastKnownFileType = sourcecode.swift; path = PosterInfoView.swift; sourceTree = "<group>"; };
		82CBC2A329879752001966E3 /* PostImageView.swift */ = {isa = PBXFileReference; lastKnownFileType = sourcecode.swift; path = PostImageView.swift; sourceTree = "<group>"; };
		82CBC2A82988D1A2001966E3 /* PageBottomDivider.swift */ = {isa = PBXFileReference; lastKnownFileType = sourcecode.swift; path = PageBottomDivider.swift; sourceTree = "<group>"; };
		82CBC2AB2989BAAC001966E3 /* PostModalActions.swift */ = {isa = PBXFileReference; lastKnownFileType = sourcecode.swift; path = PostModalActions.swift; sourceTree = "<group>"; };
		82CBC2AD2989BB21001966E3 /* PostModalDescription.swift */ = {isa = PBXFileReference; lastKnownFileType = sourcecode.swift; path = PostModalDescription.swift; sourceTree = "<group>"; };
		82CBC2AF2989BBD7001966E3 /* PostModalPosterInfo.swift */ = {isa = PBXFileReference; lastKnownFileType = sourcecode.swift; path = PostModalPosterInfo.swift; sourceTree = "<group>"; };
		82CBC2B12989BC2F001966E3 /* PostModalPostActions.swift */ = {isa = PBXFileReference; lastKnownFileType = sourcecode.swift; path = PostModalPostActions.swift; sourceTree = "<group>"; };
		82CEFC2E2969CB2C00C55F67 /* DAHA.app */ = {isa = PBXFileReference; explicitFileType = wrapper.application; includeInIndex = 0; path = DAHA.app; sourceTree = BUILT_PRODUCTS_DIR; };
		82CEFC312969CB2C00C55F67 /* DAHAApp.swift */ = {isa = PBXFileReference; lastKnownFileType = sourcecode.swift; path = DAHAApp.swift; sourceTree = "<group>"; };
		82CEFC332969CB2C00C55F67 /* ContentView.swift */ = {isa = PBXFileReference; lastKnownFileType = sourcecode.swift; path = ContentView.swift; sourceTree = "<group>"; };
		82CEFC352969CB2D00C55F67 /* Assets.xcassets */ = {isa = PBXFileReference; lastKnownFileType = folder.assetcatalog; path = Assets.xcassets; sourceTree = "<group>"; };
		82CEFC382969CB2D00C55F67 /* Preview Assets.xcassets */ = {isa = PBXFileReference; lastKnownFileType = folder.assetcatalog; path = "Preview Assets.xcassets"; sourceTree = "<group>"; };
		82CEFC432969CBDB00C55F67 /* Colors.swift */ = {isa = PBXFileReference; lastKnownFileType = sourcecode.swift; path = Colors.swift; sourceTree = "<group>"; };
		82CEFC452969CBF000C55F67 /* Images.swift */ = {isa = PBXFileReference; lastKnownFileType = sourcecode.swift; path = Images.swift; sourceTree = "<group>"; };
		82CEFC472969CC0500C55F67 /* Text.swift */ = {isa = PBXFileReference; lastKnownFileType = sourcecode.swift; path = Text.swift; sourceTree = "<group>"; };
		82CEFC4B2969CC3300C55F67 /* TextField.swift */ = {isa = PBXFileReference; lastKnownFileType = sourcecode.swift; path = TextField.swift; sourceTree = "<group>"; };
		82CEFC4F2969CC5B00C55F67 /* DeviceDimensions.swift */ = {isa = PBXFileReference; lastKnownFileType = sourcecode.swift; path = DeviceDimensions.swift; sourceTree = "<group>"; };
		82CEFC512969CC7000C55F67 /* UserAuth.swift */ = {isa = PBXFileReference; lastKnownFileType = sourcecode.swift; path = UserAuth.swift; sourceTree = "<group>"; };
		82CEFC532969CC9B00C55F67 /* LaunchScreen.swift */ = {isa = PBXFileReference; lastKnownFileType = sourcecode.swift; path = LaunchScreen.swift; sourceTree = "<group>"; };
		82CEFC562969CD5A00C55F67 /* MainScreen.swift */ = {isa = PBXFileReference; lastKnownFileType = sourcecode.swift; path = MainScreen.swift; sourceTree = "<group>"; };
		82CEFC582969CD7400C55F67 /* HomeScreen.swift */ = {isa = PBXFileReference; lastKnownFileType = sourcecode.swift; path = HomeScreen.swift; sourceTree = "<group>"; };
		82CEFC5A2969CDD300C55F67 /* SearchScreen.swift */ = {isa = PBXFileReference; lastKnownFileType = sourcecode.swift; path = SearchScreen.swift; sourceTree = "<group>"; };
		82CEFC5C2969CDEB00C55F67 /* SavedScreen.swift */ = {isa = PBXFileReference; lastKnownFileType = sourcecode.swift; path = SavedScreen.swift; sourceTree = "<group>"; };
		82CEFC5E2969CE0700C55F67 /* ProfileScreen.swift */ = {isa = PBXFileReference; lastKnownFileType = sourcecode.swift; path = ProfileScreen.swift; sourceTree = "<group>"; };
		82CEFC612969CE3700C55F67 /* PostModal.swift */ = {isa = PBXFileReference; lastKnownFileType = sourcecode.swift; path = PostModal.swift; sourceTree = "<group>"; };
		82CEFC632969CE5200C55F67 /* DMScreen.swift */ = {isa = PBXFileReference; lastKnownFileType = sourcecode.swift; path = DMScreen.swift; sourceTree = "<group>"; };
		82CEFC652969CE5F00C55F67 /* SearchBarScreen.swift */ = {isa = PBXFileReference; lastKnownFileType = sourcecode.swift; path = SearchBarScreen.swift; sourceTree = "<group>"; };
		82CEFC672969CE7E00C55F67 /* SettingsScreen.swift */ = {isa = PBXFileReference; lastKnownFileType = sourcecode.swift; path = SettingsScreen.swift; sourceTree = "<group>"; };
		82CEFC6A2969CEA500C55F67 /* SetUpScreen.swift */ = {isa = PBXFileReference; lastKnownFileType = sourcecode.swift; path = SetUpScreen.swift; sourceTree = "<group>"; };
		82CEFC6D2969CEBA00C55F67 /* Test.swift */ = {isa = PBXFileReference; lastKnownFileType = sourcecode.swift; path = Test.swift; sourceTree = "<group>"; };
		82CEFC732969CF0100C55F67 /* SchoolEmailScreen.swift */ = {isa = PBXFileReference; lastKnownFileType = sourcecode.swift; path = SchoolEmailScreen.swift; sourceTree = "<group>"; };
		82CEFC752969CF3E00C55F67 /* HeaderView.swift */ = {isa = PBXFileReference; lastKnownFileType = sourcecode.swift; path = HeaderView.swift; sourceTree = "<group>"; };
		82CEFC772969CF5A00C55F67 /* TabBarView.swift */ = {isa = PBXFileReference; lastKnownFileType = sourcecode.swift; path = TabBarView.swift; sourceTree = "<group>"; };
		82CEFC792969CF7100C55F67 /* BackgroundColor.swift */ = {isa = PBXFileReference; lastKnownFileType = sourcecode.swift; path = BackgroundColor.swift; sourceTree = "<group>"; };
		82CEFC7B2969CF8D00C55F67 /* UniversityNotFoundView.swift */ = {isa = PBXFileReference; lastKnownFileType = sourcecode.swift; path = UniversityNotFoundView.swift; sourceTree = "<group>"; };
		82CEFC7E2969CFB700C55F67 /* SignUpButton.swift */ = {isa = PBXFileReference; lastKnownFileType = sourcecode.swift; path = SignUpButton.swift; sourceTree = "<group>"; };
		82CEFC802969CFCA00C55F67 /* PostButton.swift */ = {isa = PBXFileReference; lastKnownFileType = sourcecode.swift; path = PostButton.swift; sourceTree = "<group>"; };
		82CEFC822969CFF400C55F67 /* DMButton.swift */ = {isa = PBXFileReference; lastKnownFileType = sourcecode.swift; path = DMButton.swift; sourceTree = "<group>"; };
		82CEFC842969D00D00C55F67 /* SettingsButton.swift */ = {isa = PBXFileReference; lastKnownFileType = sourcecode.swift; path = SettingsButton.swift; sourceTree = "<group>"; };
		82CEFC862969D02400C55F67 /* LoginButton.swift */ = {isa = PBXFileReference; lastKnownFileType = sourcecode.swift; path = LoginButton.swift; sourceTree = "<group>"; };
		82CEFC8A2969D06700C55F67 /* FirstContinueButton.swift */ = {isa = PBXFileReference; lastKnownFileType = sourcecode.swift; path = FirstContinueButton.swift; sourceTree = "<group>"; };
		82CEFC8C2969D0DF00C55F67 /* Info.plist */ = {isa = PBXFileReference; lastKnownFileType = text.plist; path = Info.plist; sourceTree = "<group>"; };
		82D2D0DE296BD41200CB4B9A /* EmailVerificationScreen.swift */ = {isa = PBXFileReference; lastKnownFileType = sourcecode.swift; path = EmailVerificationScreen.swift; sourceTree = "<group>"; };
		82D2D0E1296CAD6700CB4B9A /* FirestoreManager.swift */ = {isa = PBXFileReference; lastKnownFileType = sourcecode.swift; path = FirestoreManager.swift; sourceTree = "<group>"; };
		82DF4CAB296F5C6B00A309CF /* ResendButton.swift */ = {isa = PBXFileReference; lastKnownFileType = sourcecode.swift; path = ResendButton.swift; sourceTree = "<group>"; };
		82DF4CAD296F614500A309CF /* SecondContinueButton.swift */ = {isa = PBXFileReference; lastKnownFileType = sourcecode.swift; path = SecondContinueButton.swift; sourceTree = "<group>"; };
		82DF4CB12973C7FA00A309CF /* DAHA.entitlements */ = {isa = PBXFileReference; lastKnownFileType = text.plist.entitlements; path = DAHA.entitlements; sourceTree = "<group>"; };
		82DF4CB229775B5300A309CF /* GoogleService-Info.plist */ = {isa = PBXFileReference; fileEncoding = 4; lastKnownFileType = text.plist.xml; path = "GoogleService-Info.plist"; sourceTree = "<group>"; };
		82E75AC2297E321600742F18 /* Email API.swift */ = {isa = PBXFileReference; lastKnownFileType = sourcecode.swift; path = "Email API.swift"; sourceTree = "<group>"; };
		82E75AC8297F104200742F18 /* Config.xcconfig */ = {isa = PBXFileReference; lastKnownFileType = text.xcconfig; path = Config.xcconfig; sourceTree = "<group>"; };
/* End PBXFileReference section */

/* Begin PBXFrameworksBuildPhase section */
		82CEFC2B2969CB2C00C55F67 /* Frameworks */ = {
			isa = PBXFrameworksBuildPhase;
			buildActionMask = 2147483647;
			files = (
				8236CFF9296D34210086AB15 /* FirebasePerformance in Frameworks */,
				8236CFE3296D34210086AB15 /* FirebaseAnalyticsSwift in Frameworks */,
				8236CFE7296D34210086AB15 /* FirebaseAuth in Frameworks */,
				8236CFDF296D34210086AB15 /* FirebaseAnalytics in Frameworks */,
				8236CFE9296D34210086AB15 /* FirebaseCrashlytics in Frameworks */,
				8236CFE1296D34210086AB15 /* FirebaseAnalyticsOnDeviceConversion in Frameworks */,
				8236CFED296D34210086AB15 /* FirebaseFirestore in Frameworks */,
				8236CFF3296D34210086AB15 /* FirebaseInAppMessaging-Beta in Frameworks */,
				8236CFFB296D34210086AB15 /* FirebaseStorage in Frameworks */,
				8236CFEB296D34210086AB15 /* FirebaseDynamicLinks in Frameworks */,
				8236CFF7296D34210086AB15 /* FirebaseMessaging in Frameworks */,
				82E75AC6297E35F600742F18 /* PostmarkSwift in Frameworks */,
				8236CFF1296D34210086AB15 /* FirebaseFunctions in Frameworks */,
				8236CFE5296D34210086AB15 /* FirebaseAnalyticsWithoutAdIdSupport in Frameworks */,
				8236CFF5296D34210086AB15 /* FirebaseInAppMessagingSwift-Beta in Frameworks */,
				8236CFEF296D34210086AB15 /* FirebaseFirestoreSwift in Frameworks */,
			);
			runOnlyForDeploymentPostprocessing = 0;
		};
/* End PBXFrameworksBuildPhase section */

/* Begin PBXGroup section */
		823602062985ADD5002E7AEC /* Posts */ = {
			isa = PBXGroup;
			children = (
				823602042985ABF0002E7AEC /* PostView.swift */,
				82B6B2D4298AD21800027E5A /* PostViewPrev.swift */,
				82CEFC612969CE3700C55F67 /* PostModal.swift */,
				82CBC2A72987A7F9001966E3 /* PostViewComponentsPostViewComponents */,
				82CBC2AA2989BA79001966E3 /* PostModalComponents */,
			);
			path = Posts;
			sourceTree = "<group>";
		};
		82B6B2BC2989EC9700027E5A /* MakePostModalComponents */ = {
			isa = PBXGroup;
			children = (
				82B6B2BD2989ECD300027E5A /* MakePostScreenExit.swift */,
				82B6B2C32989EE8800027E5A /* MakePostButton.swift */,
				82B6B2CA298A13E100027E5A /* ConditionNavigatorView.swift */,
				82B6B2CC298A14DC00027E5A /* ConditionIcon.swift */,
				82B6B2CE298A16BD00027E5A /* MakePostTextInputs.swift */,
				82B6B2E3298B73E000027E5A /* ChooseCategoryButton.swift */,
				82B6B2E5298B75D800027E5A /* CategoryIconView.swift */,
				82B6B2E8298B787E00027E5A /* CategoryModal.swift */,
				82B6B2ED298C3FFA00027E5A /* ImageSelectorView.swift */,
				82B6B2EF298C438E00027E5A /* CameraRollButton.swift */,
				82B6B2F1298C4F1500027E5A /* CameraButton.swift */,
				82B6B2F3298C514400027E5A /* ImagePreview.swift */,
				82B6B2E7298B784200027E5A /* OtherImplementations */,
			);
			path = MakePostModalComponents;
			sourceTree = "<group>";
		};
		82B6B2E7298B784200027E5A /* OtherImplementations */ = {
			isa = PBXGroup;
			children = (
				82B6B2C72989F45300027E5A /* CategoryIcon.swift */,
				82B6B2C52989F38F00027E5A /* CategorySelectorView.swift */,
			);
			path = OtherImplementations;
			sourceTree = "<group>";
		};
		82B6B2EA298C3BB300027E5A /* Network */ = {
			isa = PBXGroup;
			children = (
				82B6B2EB298C3BD200027E5A /* Network.swift */,
			);
			path = Network;
			sourceTree = "<group>";
		};
		82B6B2FD298F502400027E5A /* CreatePosts */ = {
			isa = PBXGroup;
			children = (
				82B6B2BA2989EC0E00027E5A /* MakePostScreen.swift */,
				82B6B2BC2989EC9700027E5A /* MakePostModalComponents */,
			);
			path = CreatePosts;
			sourceTree = "<group>";
		};
		82CBC2A72987A7F9001966E3 /* PostViewComponentsPostViewComponents */ = {
			isa = PBXGroup;
			children = (
				82360207298748CC002E7AEC /* CategoryView.swift */,
				82B6B2D6298AD29300027E5A /* CategoryViewPrev.swift */,
				82360209298748DF002E7AEC /* ReportButton.swift */,
				8236020B298748E9002E7AEC /* BuyButton.swift */,
				8236020D298791BE002E7AEC /* BookmarkButton.swift */,
				8236020F29879425002E7AEC /* PostDescriptionView.swift */,
				82CBC29F298795E4001966E3 /* PostActionView.swift */,
				82CBC2A1298796E7001966E3 /* PosterInfoView.swift */,
				82CBC2A329879752001966E3 /* PostImageView.swift */,
				82B6B2DC298AE9BF00027E5A /* DeleteButton.swift */,
			);
			path = PostViewComponentsPostViewComponents;
			sourceTree = "<group>";
		};
		82CBC2AA2989BA79001966E3 /* PostModalComponents */ = {
			isa = PBXGroup;
			children = (
				82CBC2AB2989BAAC001966E3 /* PostModalActions.swift */,
				82CBC2AD2989BB21001966E3 /* PostModalDescription.swift */,
				82CBC2AF2989BBD7001966E3 /* PostModalPosterInfo.swift */,
				82CBC2B12989BC2F001966E3 /* PostModalPostActions.swift */,
			);
			path = PostModalComponents;
			sourceTree = "<group>";
		};
		82CED4FA2981EE9B009B5507 /* SetUpScreen */ = {
			isa = PBXGroup;
			children = (
				82CEFC6A2969CEA500C55F67 /* SetUpScreen.swift */,
				82CEFC7E2969CFB700C55F67 /* SignUpButton.swift */,
				82CEFC862969D02400C55F67 /* LoginButton.swift */,
			);
			path = SetUpScreen;
			sourceTree = "<group>";
		};
		82CED4FC2981EF56009B5507 /* EmailVerificationScreen */ = {
			isa = PBXGroup;
			children = (
				82D2D0DE296BD41200CB4B9A /* EmailVerificationScreen.swift */,
				82DF4CAB296F5C6B00A309CF /* ResendButton.swift */,
			);
			path = EmailVerificationScreen;
			sourceTree = "<group>";
		};
		82CED4FD2981EF74009B5507 /* SchoolEmailScreen */ = {
			isa = PBXGroup;
			children = (
				82CEFC732969CF0100C55F67 /* SchoolEmailScreen.swift */,
				82CEFC8A2969D06700C55F67 /* FirstContinueButton.swift */,
				82CEFC7B2969CF8D00C55F67 /* UniversityNotFoundView.swift */,
			);
			path = SchoolEmailScreen;
			sourceTree = "<group>";
		};
		82CED4FE2981EFFE009B5507 /* CreateAccountScreen */ = {
			isa = PBXGroup;
			children = (
				8294FAE8296BCB76004001AE /* CreateAccountScreen.swift */,
				82DF4CAD296F614500A309CF /* SecondContinueButton.swift */,
			);
			path = CreateAccountScreen;
			sourceTree = "<group>";
		};
		82CED4FF2981F171009B5507 /* LoginScreen */ = {
			isa = PBXGroup;
			children = (
				823602002981F81D002E7AEC /* LoginScreen.swift */,
				823601FC2981F3AC002E7AEC /* SignInButton.swift */,
				823602022981F84E002E7AEC /* ForgotPasswordButton.swift */,
				82B6B2D8298ADAE700027E5A /* ForgotPasswordScreen.swift */,
				82B6B2DA298AE00800027E5A /* PasswordResetButton.swift */,
			);
			path = LoginScreen;
			sourceTree = "<group>";
		};
		82CEFC252969CB2C00C55F67 = {
			isa = PBXGroup;
			children = (
				82E75AC8297F104200742F18 /* Config.xcconfig */,
				82CEFC302969CB2C00C55F67 /* DAHA */,
				82CEFC2F2969CB2C00C55F67 /* Products */,
			);
			sourceTree = "<group>";
		};
		82CEFC2F2969CB2C00C55F67 /* Products */ = {
			isa = PBXGroup;
			children = (
				82CEFC2E2969CB2C00C55F67 /* DAHA.app */,
			);
			name = Products;
			sourceTree = "<group>";
		};
		82CEFC302969CB2C00C55F67 /* DAHA */ = {
			isa = PBXGroup;
			children = (
				82DF4CB12973C7FA00A309CF /* DAHA.entitlements */,
				82CEFC8C2969D0DF00C55F67 /* Info.plist */,
				82CEFC312969CB2C00C55F67 /* DAHAApp.swift */,
				82CEFC332969CB2C00C55F67 /* ContentView.swift */,
				82B6B2EA298C3BB300027E5A /* Network */,
				82D2D0E0296CAD4E00CB4B9A /* Firebase */,
				82CEFC3F2969CB9500C55F67 /* Helpers */,
				82CEFC402969CB9C00C55F67 /* Models */,
				82CEFC692969CE8600C55F67 /* Onboarding and Login */,
				82CEFC412969CBB600C55F67 /* Screens */,
				82B6B2FD298F502400027E5A /* CreatePosts */,
				823602062985ADD5002E7AEC /* Posts */,
				82CEFC422969CBBF00C55F67 /* Views */,
				82CEFC352969CB2D00C55F67 /* Assets.xcassets */,
				82DF4CB229775B5300A309CF /* GoogleService-Info.plist */,
				82CEFC372969CB2D00C55F67 /* Preview Content */,
			);
			path = DAHA;
			sourceTree = "<group>";
		};
		82CEFC372969CB2D00C55F67 /* Preview Content */ = {
			isa = PBXGroup;
			children = (
				82CEFC382969CB2D00C55F67 /* Preview Assets.xcassets */,
			);
			path = "Preview Content";
			sourceTree = "<group>";
		};
		82CEFC3F2969CB9500C55F67 /* Helpers */ = {
			isa = PBXGroup;
			children = (
				82CEFC432969CBDB00C55F67 /* Colors.swift */,
				82CEFC452969CBF000C55F67 /* Images.swift */,
				82CEFC472969CC0500C55F67 /* Text.swift */,
				82CEFC4B2969CC3300C55F67 /* TextField.swift */,
				82E75AC2297E321600742F18 /* Email API.swift */,
				82B6B2D2298A531300027E5A /* Date.swift */,
				82B6B2F5298E018B00027E5A /* Haptics.swift */,
				82B6B2F7298F27A100027E5A /* Camera.swift */,
				82B6B2F9298F394300027E5A /* CameraView.swift */,
				82B6B2FB298F3C8300027E5A /* CustomCameraView.swift */,
			);
			path = Helpers;
			sourceTree = "<group>";
		};
		82CEFC402969CB9C00C55F67 /* Models */ = {
			isa = PBXGroup;
			children = (
				82CEFC4F2969CC5B00C55F67 /* DeviceDimensions.swift */,
				82CEFC512969CC7000C55F67 /* UserAuth.swift */,
				8294FAAB296B9F5B004001AE /* UserModel.swift */,
				8294FAAD296B9F64004001AE /* PostModel.swift */,
			);
			path = Models;
			sourceTree = "<group>";
		};
		82CEFC412969CBB600C55F67 /* Screens */ = {
			isa = PBXGroup;
			children = (
				82CEFC532969CC9B00C55F67 /* LaunchScreen.swift */,
				82CEFC552969CD4A00C55F67 /* Main Screens */,
				82CEFC602969CE1B00C55F67 /* Secondary Screens */,
			);
			path = Screens;
			sourceTree = "<group>";
		};
		82CEFC422969CBBF00C55F67 /* Views */ = {
			isa = PBXGroup;
			children = (
				82CEFC752969CF3E00C55F67 /* HeaderView.swift */,
				8294FAE6296BB945004001AE /* CustomInputField.swift */,
				82CEFC772969CF5A00C55F67 /* TabBarView.swift */,
				82CEFC792969CF7100C55F67 /* BackgroundColor.swift */,
				82CBC2A82988D1A2001966E3 /* PageBottomDivider.swift */,
				82CEFC7D2969CFA100C55F67 /* Buttons */,
			);
			path = Views;
			sourceTree = "<group>";
		};
		82CEFC552969CD4A00C55F67 /* Main Screens */ = {
			isa = PBXGroup;
			children = (
				82CEFC562969CD5A00C55F67 /* MainScreen.swift */,
				82CEFC582969CD7400C55F67 /* HomeScreen.swift */,
				82CEFC5A2969CDD300C55F67 /* SearchScreen.swift */,
				82CEFC5C2969CDEB00C55F67 /* SavedScreen.swift */,
				82CEFC5E2969CE0700C55F67 /* ProfileScreen.swift */,
				82CEFC802969CFCA00C55F67 /* PostButton.swift */,
			);
			path = "Main Screens";
			sourceTree = "<group>";
		};
		82CEFC602969CE1B00C55F67 /* Secondary Screens */ = {
			isa = PBXGroup;
			children = (
				82CEFC632969CE5200C55F67 /* DMScreen.swift */,
				82CEFC652969CE5F00C55F67 /* SearchBarScreen.swift */,
				82CEFC672969CE7E00C55F67 /* SettingsScreen.swift */,
			);
			path = "Secondary Screens";
			sourceTree = "<group>";
		};
		82CEFC692969CE8600C55F67 /* Onboarding and Login */ = {
			isa = PBXGroup;
			children = (
				82CED4FA2981EE9B009B5507 /* SetUpScreen */,
				82CED4FF2981F171009B5507 /* LoginScreen */,
				82CED4FD2981EF74009B5507 /* SchoolEmailScreen */,
				82CED4FC2981EF56009B5507 /* EmailVerificationScreen */,
				82CED4FE2981EFFE009B5507 /* CreateAccountScreen */,
				82B6B2DE298B270300027E5A /* TermsConditionsScreen.swift */,
				82CEFC6D2969CEBA00C55F67 /* Test.swift */,
			);
			path = "Onboarding and Login";
			sourceTree = "<group>";
		};
		82CEFC7D2969CFA100C55F67 /* Buttons */ = {
			isa = PBXGroup;
			children = (
				82CEFC822969CFF400C55F67 /* DMButton.swift */,
				82CEFC842969D00D00C55F67 /* SettingsButton.swift */,
			);
			path = Buttons;
			sourceTree = "<group>";
		};
		82D2D0E0296CAD4E00CB4B9A /* Firebase */ = {
			isa = PBXGroup;
			children = (
				82D2D0E1296CAD6700CB4B9A /* FirestoreManager.swift */,
				8236CFFC296F2AF00086AB15 /* AuthManager.swift */,
			);
			path = Firebase;
			sourceTree = "<group>";
		};
/* End PBXGroup section */

/* Begin PBXNativeTarget section */
		82CEFC2D2969CB2C00C55F67 /* DAHA */ = {
			isa = PBXNativeTarget;
			buildConfigurationList = 82CEFC3C2969CB2D00C55F67 /* Build configuration list for PBXNativeTarget "DAHA" */;
			buildPhases = (
				82CEFC2A2969CB2C00C55F67 /* Sources */,
				82CEFC2B2969CB2C00C55F67 /* Frameworks */,
				82CEFC2C2969CB2C00C55F67 /* Resources */,
			);
			buildRules = (
			);
			dependencies = (
			);
			name = DAHA;
			packageProductDependencies = (
				8236CFDE296D34210086AB15 /* FirebaseAnalytics */,
				8236CFE0296D34210086AB15 /* FirebaseAnalyticsOnDeviceConversion */,
				8236CFE2296D34210086AB15 /* FirebaseAnalyticsSwift */,
				8236CFE4296D34210086AB15 /* FirebaseAnalyticsWithoutAdIdSupport */,
				8236CFE6296D34210086AB15 /* FirebaseAuth */,
				8236CFE8296D34210086AB15 /* FirebaseCrashlytics */,
				8236CFEA296D34210086AB15 /* FirebaseDynamicLinks */,
				8236CFEC296D34210086AB15 /* FirebaseFirestore */,
				8236CFEE296D34210086AB15 /* FirebaseFirestoreSwift */,
				8236CFF0296D34210086AB15 /* FirebaseFunctions */,
				8236CFF2296D34210086AB15 /* FirebaseInAppMessaging-Beta */,
				8236CFF4296D34210086AB15 /* FirebaseInAppMessagingSwift-Beta */,
				8236CFF6296D34210086AB15 /* FirebaseMessaging */,
				8236CFF8296D34210086AB15 /* FirebasePerformance */,
				8236CFFA296D34210086AB15 /* FirebaseStorage */,
				82E75AC5297E35F600742F18 /* PostmarkSwift */,
			);
			productName = DAHA;
			productReference = 82CEFC2E2969CB2C00C55F67 /* DAHA.app */;
			productType = "com.apple.product-type.application";
		};
/* End PBXNativeTarget section */

/* Begin PBXProject section */
		82CEFC262969CB2C00C55F67 /* Project object */ = {
			isa = PBXProject;
			attributes = {
				BuildIndependentTargetsInParallel = 1;
				LastSwiftUpdateCheck = 1420;
				LastUpgradeCheck = 1420;
				TargetAttributes = {
					82CEFC2D2969CB2C00C55F67 = {
						CreatedOnToolsVersion = 14.2;
					};
				};
			};
			buildConfigurationList = 82CEFC292969CB2C00C55F67 /* Build configuration list for PBXProject "DAHA" */;
			compatibilityVersion = "Xcode 14.0";
			developmentRegion = en;
			hasScannedForEncodings = 0;
			knownRegions = (
				en,
				Base,
			);
			mainGroup = 82CEFC252969CB2C00C55F67;
			packageReferences = (
				8236CFDD296D34210086AB15 /* XCRemoteSwiftPackageReference "firebase-ios-sdk" */,
				82E75AC4297E35F600742F18 /* XCRemoteSwiftPackageReference "postmark-swift" */,
			);
			productRefGroup = 82CEFC2F2969CB2C00C55F67 /* Products */;
			projectDirPath = "";
			projectRoot = "";
			targets = (
				82CEFC2D2969CB2C00C55F67 /* DAHA */,
			);
		};
/* End PBXProject section */

/* Begin PBXResourcesBuildPhase section */
		82CEFC2C2969CB2C00C55F67 /* Resources */ = {
			isa = PBXResourcesBuildPhase;
			buildActionMask = 2147483647;
			files = (
				82CEFC392969CB2D00C55F67 /* Preview Assets.xcassets in Resources */,
				82CEFC362969CB2D00C55F67 /* Assets.xcassets in Resources */,
				82DF4CB329775B5300A309CF /* GoogleService-Info.plist in Resources */,
			);
			runOnlyForDeploymentPostprocessing = 0;
		};
/* End PBXResourcesBuildPhase section */

/* Begin PBXSourcesBuildPhase section */
		82CEFC2A2969CB2C00C55F67 /* Sources */ = {
			isa = PBXSourcesBuildPhase;
			buildActionMask = 2147483647;
			files = (
				82CEFC502969CC5B00C55F67 /* DeviceDimensions.swift in Sources */,
				82CEFC812969CFCA00C55F67 /* PostButton.swift in Sources */,
				82B6B2F2298C4F1500027E5A /* CameraButton.swift in Sources */,
				8236020A298748DF002E7AEC /* ReportButton.swift in Sources */,
				82CEFC5F2969CE0700C55F67 /* ProfileScreen.swift in Sources */,
				82B6B2CB298A13E100027E5A /* ConditionNavigatorView.swift in Sources */,
				82CEFC342969CB2C00C55F67 /* ContentView.swift in Sources */,
				82CEFC572969CD5A00C55F67 /* MainScreen.swift in Sources */,
				823601FD2981F3AC002E7AEC /* SignInButton.swift in Sources */,
				82CEFC542969CC9B00C55F67 /* LaunchScreen.swift in Sources */,
				82B6B2D7298AD29300027E5A /* CategoryViewPrev.swift in Sources */,
				82CEFC832969CFF400C55F67 /* DMButton.swift in Sources */,
				82B6B2E9298B787E00027E5A /* CategoryModal.swift in Sources */,
				82B6B2CF298A16BD00027E5A /* MakePostTextInputs.swift in Sources */,
				82B6B2C42989EE8800027E5A /* MakePostButton.swift in Sources */,
				82B6B2FA298F394300027E5A /* CameraView.swift in Sources */,
				82CEFC592969CD7400C55F67 /* HomeScreen.swift in Sources */,
				82DF4CAE296F614500A309CF /* SecondContinueButton.swift in Sources */,
				82CEFC522969CC7000C55F67 /* UserAuth.swift in Sources */,
				82B6B2EE298C3FFB00027E5A /* ImageSelectorView.swift in Sources */,
				82CEFC7A2969CF7100C55F67 /* BackgroundColor.swift in Sources */,
				82CEFC762969CF3E00C55F67 /* HeaderView.swift in Sources */,
				8236020C298748E9002E7AEC /* BuyButton.swift in Sources */,
				82360208298748CC002E7AEC /* CategoryView.swift in Sources */,
				82B6B2DF298B270300027E5A /* TermsConditionsScreen.swift in Sources */,
				823602052985ABF0002E7AEC /* PostView.swift in Sources */,
				82E75AC3297E321600742F18 /* Email API.swift in Sources */,
				82B6B2FC298F3C8300027E5A /* CustomCameraView.swift in Sources */,
				82D2D0E2296CAD6700CB4B9A /* FirestoreManager.swift in Sources */,
				82B6B2EC298C3BD300027E5A /* Network.swift in Sources */,
				82B6B2F4298C514400027E5A /* ImagePreview.swift in Sources */,
				82B6B2D3298A531300027E5A /* Date.swift in Sources */,
				82CBC2B02989BBD7001966E3 /* PostModalPosterInfo.swift in Sources */,
				82CEFC482969CC0500C55F67 /* Text.swift in Sources */,
				823602012981F81D002E7AEC /* LoginScreen.swift in Sources */,
				82CEFC5D2969CDEB00C55F67 /* SavedScreen.swift in Sources */,
				82CBC2AC2989BAAC001966E3 /* PostModalActions.swift in Sources */,
				82CEFC622969CE3700C55F67 /* PostModal.swift in Sources */,
				8294FAE7296BB945004001AE /* CustomInputField.swift in Sources */,
				82B6B2BB2989EC0E00027E5A /* MakePostScreen.swift in Sources */,
				82B6B2BE2989ECD300027E5A /* MakePostScreenExit.swift in Sources */,
				82CBC2B22989BC2F001966E3 /* PostModalPostActions.swift in Sources */,
				82DF4CAC296F5C6B00A309CF /* ResendButton.swift in Sources */,
				82CEFC852969D00D00C55F67 /* SettingsButton.swift in Sources */,
				82CEFC8B2969D06700C55F67 /* FirstContinueButton.swift in Sources */,
				82B6B2DB298AE00800027E5A /* PasswordResetButton.swift in Sources */,
				82CBC2A429879752001966E3 /* PostImageView.swift in Sources */,
				8236CFFD296F2AF00086AB15 /* AuthManager.swift in Sources */,
				82B6B2C62989F38F00027E5A /* CategorySelectorView.swift in Sources */,
				82B6B2DD298AE9BF00027E5A /* DeleteButton.swift in Sources */,
				82CEFC682969CE7E00C55F67 /* SettingsScreen.swift in Sources */,
				82CEFC642969CE5200C55F67 /* DMScreen.swift in Sources */,
				82B6B2F0298C438E00027E5A /* CameraRollButton.swift in Sources */,
				82B6B2CD298A14DC00027E5A /* ConditionIcon.swift in Sources */,
				82B6B2E4298B73E000027E5A /* ChooseCategoryButton.swift in Sources */,
				82CEFC462969CBF000C55F67 /* Images.swift in Sources */,
				82B6B2D5298AD21800027E5A /* PostViewPrev.swift in Sources */,
				82B6B2F8298F27A100027E5A /* Camera.swift in Sources */,
				82CBC2AE2989BB21001966E3 /* PostModalDescription.swift in Sources */,
				82CEFC4C2969CC3300C55F67 /* TextField.swift in Sources */,
				82CBC2A2298796E7001966E3 /* PosterInfoView.swift in Sources */,
				82CBC2A92988D1A2001966E3 /* PageBottomDivider.swift in Sources */,
				8294FAAE296B9F64004001AE /* PostModel.swift in Sources */,
				82CBC2A0298795E4001966E3 /* PostActionView.swift in Sources */,
				82B6B2D9298ADAE700027E5A /* ForgotPasswordScreen.swift in Sources */,
				82CEFC6B2969CEA500C55F67 /* SetUpScreen.swift in Sources */,
				82D2D0DF296BD41200CB4B9A /* EmailVerificationScreen.swift in Sources */,
				823602032981F84E002E7AEC /* ForgotPasswordButton.swift in Sources */,
				82CEFC442969CBDB00C55F67 /* Colors.swift in Sources */,
				82CEFC322969CB2C00C55F67 /* DAHAApp.swift in Sources */,
				82CEFC7F2969CFB700C55F67 /* SignUpButton.swift in Sources */,
				82B6B2C82989F45300027E5A /* CategoryIcon.swift in Sources */,
				82CEFC7C2969CF8D00C55F67 /* UniversityNotFoundView.swift in Sources */,
				82CEFC742969CF0100C55F67 /* SchoolEmailScreen.swift in Sources */,
				8236021029879425002E7AEC /* PostDescriptionView.swift in Sources */,
				82B6B2F6298E018B00027E5A /* Haptics.swift in Sources */,
				82CEFC872969D02400C55F67 /* LoginButton.swift in Sources */,
				82B6B2E6298B75D800027E5A /* CategoryIconView.swift in Sources */,
				8236020E298791BE002E7AEC /* BookmarkButton.swift in Sources */,
				82CEFC782969CF5A00C55F67 /* TabBarView.swift in Sources */,
				82CEFC6E2969CEBA00C55F67 /* Test.swift in Sources */,
				82CEFC662969CE5F00C55F67 /* SearchBarScreen.swift in Sources */,
				8294FAE9296BCB76004001AE /* CreateAccountScreen.swift in Sources */,
				82CEFC5B2969CDD300C55F67 /* SearchScreen.swift in Sources */,
				8294FAAC296B9F5B004001AE /* UserModel.swift in Sources */,
			);
			runOnlyForDeploymentPostprocessing = 0;
		};
/* End PBXSourcesBuildPhase section */

/* Begin XCBuildConfiguration section */
		82CEFC3A2969CB2D00C55F67 /* Debug */ = {
			isa = XCBuildConfiguration;
			baseConfigurationReference = 82E75AC8297F104200742F18 /* Config.xcconfig */;
			buildSettings = {
				ALWAYS_SEARCH_USER_PATHS = NO;
				CLANG_ANALYZER_NONNULL = YES;
				CLANG_ANALYZER_NUMBER_OBJECT_CONVERSION = YES_AGGRESSIVE;
				CLANG_CXX_LANGUAGE_STANDARD = "gnu++20";
				CLANG_ENABLE_MODULES = YES;
				CLANG_ENABLE_OBJC_ARC = YES;
				CLANG_ENABLE_OBJC_WEAK = YES;
				CLANG_WARN_BLOCK_CAPTURE_AUTORELEASING = YES;
				CLANG_WARN_BOOL_CONVERSION = YES;
				CLANG_WARN_COMMA = YES;
				CLANG_WARN_CONSTANT_CONVERSION = YES;
				CLANG_WARN_DEPRECATED_OBJC_IMPLEMENTATIONS = YES;
				CLANG_WARN_DIRECT_OBJC_ISA_USAGE = YES_ERROR;
				CLANG_WARN_DOCUMENTATION_COMMENTS = YES;
				CLANG_WARN_EMPTY_BODY = YES;
				CLANG_WARN_ENUM_CONVERSION = YES;
				CLANG_WARN_INFINITE_RECURSION = YES;
				CLANG_WARN_INT_CONVERSION = YES;
				CLANG_WARN_NON_LITERAL_NULL_CONVERSION = YES;
				CLANG_WARN_OBJC_IMPLICIT_RETAIN_SELF = YES;
				CLANG_WARN_OBJC_LITERAL_CONVERSION = YES;
				CLANG_WARN_OBJC_ROOT_CLASS = YES_ERROR;
				CLANG_WARN_QUOTED_INCLUDE_IN_FRAMEWORK_HEADER = YES;
				CLANG_WARN_RANGE_LOOP_ANALYSIS = YES;
				CLANG_WARN_STRICT_PROTOTYPES = YES;
				CLANG_WARN_SUSPICIOUS_MOVE = YES;
				CLANG_WARN_UNGUARDED_AVAILABILITY = YES_AGGRESSIVE;
				CLANG_WARN_UNREACHABLE_CODE = YES;
				CLANG_WARN__DUPLICATE_METHOD_MATCH = YES;
				COPY_PHASE_STRIP = NO;
				DEBUG_INFORMATION_FORMAT = dwarf;
				ENABLE_STRICT_OBJC_MSGSEND = YES;
				ENABLE_TESTABILITY = YES;
				GCC_C_LANGUAGE_STANDARD = gnu11;
				GCC_DYNAMIC_NO_PIC = NO;
				GCC_NO_COMMON_BLOCKS = YES;
				GCC_OPTIMIZATION_LEVEL = 0;
				GCC_PREPROCESSOR_DEFINITIONS = (
					"DEBUG=1",
					"$(inherited)",
				);
				GCC_WARN_64_TO_32_BIT_CONVERSION = YES;
				GCC_WARN_ABOUT_RETURN_TYPE = YES_ERROR;
				GCC_WARN_UNDECLARED_SELECTOR = YES;
				GCC_WARN_UNINITIALIZED_AUTOS = YES_AGGRESSIVE;
				GCC_WARN_UNUSED_FUNCTION = YES;
				GCC_WARN_UNUSED_VARIABLE = YES;
				IPHONEOS_DEPLOYMENT_TARGET = 15.0;
				MTL_ENABLE_DEBUG_INFO = INCLUDE_SOURCE;
				MTL_FAST_MATH = YES;
				ONLY_ACTIVE_ARCH = YES;
				SDKROOT = iphoneos;
				SWIFT_ACTIVE_COMPILATION_CONDITIONS = DEBUG;
				SWIFT_OPTIMIZATION_LEVEL = "-Onone";
			};
			name = Debug;
		};
		82CEFC3B2969CB2D00C55F67 /* Release */ = {
			isa = XCBuildConfiguration;
			baseConfigurationReference = 82E75AC8297F104200742F18 /* Config.xcconfig */;
			buildSettings = {
				ALWAYS_SEARCH_USER_PATHS = NO;
				CLANG_ANALYZER_NONNULL = YES;
				CLANG_ANALYZER_NUMBER_OBJECT_CONVERSION = YES_AGGRESSIVE;
				CLANG_CXX_LANGUAGE_STANDARD = "gnu++20";
				CLANG_ENABLE_MODULES = YES;
				CLANG_ENABLE_OBJC_ARC = YES;
				CLANG_ENABLE_OBJC_WEAK = YES;
				CLANG_WARN_BLOCK_CAPTURE_AUTORELEASING = YES;
				CLANG_WARN_BOOL_CONVERSION = YES;
				CLANG_WARN_COMMA = YES;
				CLANG_WARN_CONSTANT_CONVERSION = YES;
				CLANG_WARN_DEPRECATED_OBJC_IMPLEMENTATIONS = YES;
				CLANG_WARN_DIRECT_OBJC_ISA_USAGE = YES_ERROR;
				CLANG_WARN_DOCUMENTATION_COMMENTS = YES;
				CLANG_WARN_EMPTY_BODY = YES;
				CLANG_WARN_ENUM_CONVERSION = YES;
				CLANG_WARN_INFINITE_RECURSION = YES;
				CLANG_WARN_INT_CONVERSION = YES;
				CLANG_WARN_NON_LITERAL_NULL_CONVERSION = YES;
				CLANG_WARN_OBJC_IMPLICIT_RETAIN_SELF = YES;
				CLANG_WARN_OBJC_LITERAL_CONVERSION = YES;
				CLANG_WARN_OBJC_ROOT_CLASS = YES_ERROR;
				CLANG_WARN_QUOTED_INCLUDE_IN_FRAMEWORK_HEADER = YES;
				CLANG_WARN_RANGE_LOOP_ANALYSIS = YES;
				CLANG_WARN_STRICT_PROTOTYPES = YES;
				CLANG_WARN_SUSPICIOUS_MOVE = YES;
				CLANG_WARN_UNGUARDED_AVAILABILITY = YES_AGGRESSIVE;
				CLANG_WARN_UNREACHABLE_CODE = YES;
				CLANG_WARN__DUPLICATE_METHOD_MATCH = YES;
				COPY_PHASE_STRIP = NO;
				DEBUG_INFORMATION_FORMAT = "dwarf-with-dsym";
				ENABLE_NS_ASSERTIONS = NO;
				ENABLE_STRICT_OBJC_MSGSEND = YES;
				GCC_C_LANGUAGE_STANDARD = gnu11;
				GCC_NO_COMMON_BLOCKS = YES;
				GCC_WARN_64_TO_32_BIT_CONVERSION = YES;
				GCC_WARN_ABOUT_RETURN_TYPE = YES_ERROR;
				GCC_WARN_UNDECLARED_SELECTOR = YES;
				GCC_WARN_UNINITIALIZED_AUTOS = YES_AGGRESSIVE;
				GCC_WARN_UNUSED_FUNCTION = YES;
				GCC_WARN_UNUSED_VARIABLE = YES;
				IPHONEOS_DEPLOYMENT_TARGET = 15.0;
				MTL_ENABLE_DEBUG_INFO = NO;
				MTL_FAST_MATH = YES;
				SDKROOT = iphoneos;
				SWIFT_COMPILATION_MODE = wholemodule;
				SWIFT_OPTIMIZATION_LEVEL = "-O";
				VALIDATE_PRODUCT = YES;
			};
			name = Release;
		};
		82CEFC3D2969CB2D00C55F67 /* Debug */ = {
			isa = XCBuildConfiguration;
			buildSettings = {
				ASSETCATALOG_COMPILER_APPICON_NAME = AppIcon;
				ASSETCATALOG_COMPILER_GLOBAL_ACCENT_COLOR_NAME = AccentColor;
				CODE_SIGN_ENTITLEMENTS = DAHA/DAHA.entitlements;
				CODE_SIGN_STYLE = Automatic;
				CURRENT_PROJECT_VERSION = 1;
				DEVELOPMENT_ASSET_PATHS = "\"DAHA/Preview Content\"";
				DEVELOPMENT_TEAM = 5NJPLM4XY4;
				ENABLE_PREVIEWS = YES;
				GENERATE_INFOPLIST_FILE = YES;
				INFOPLIST_FILE = DAHA/Info.plist;
				INFOPLIST_KEY_UIApplicationSceneManifest_Generation = YES;
				INFOPLIST_KEY_UIApplicationSupportsIndirectInputEvents = YES;
				INFOPLIST_KEY_UISupportedInterfaceOrientations = UIInterfaceOrientationPortrait;
				INFOPLIST_KEY_UISupportedInterfaceOrientations_iPad = "UIInterfaceOrientationLandscapeLeft UIInterfaceOrientationLandscapeRight UIInterfaceOrientationPortrait UIInterfaceOrientationPortraitUpsideDown";
				INFOPLIST_KEY_UIUserInterfaceStyle = Light;
				IPHONEOS_DEPLOYMENT_TARGET = 15.0;
				LD_RUNPATH_SEARCH_PATHS = (
					"$(inherited)",
					"@executable_path/Frameworks",
				);
				MARKETING_VERSION = 1.0;
				PRODUCT_BUNDLE_IDENTIFIER = com.daha.DAHA;
				PRODUCT_NAME = "$(TARGET_NAME)";
				SUPPORTED_PLATFORMS = "iphoneos iphonesimulator";
				SUPPORTS_MACCATALYST = NO;
				SUPPORTS_MAC_DESIGNED_FOR_IPHONE_IPAD = NO;
				SWIFT_EMIT_LOC_STRINGS = YES;
				SWIFT_VERSION = 5.0;
				TARGETED_DEVICE_FAMILY = 1;
			};
			name = Debug;
		};
		82CEFC3E2969CB2D00C55F67 /* Release */ = {
			isa = XCBuildConfiguration;
			buildSettings = {
				ASSETCATALOG_COMPILER_APPICON_NAME = AppIcon;
				ASSETCATALOG_COMPILER_GLOBAL_ACCENT_COLOR_NAME = AccentColor;
				CODE_SIGN_ENTITLEMENTS = DAHA/DAHA.entitlements;
				CODE_SIGN_STYLE = Automatic;
				CURRENT_PROJECT_VERSION = 1;
				DEVELOPMENT_ASSET_PATHS = "\"DAHA/Preview Content\"";
				DEVELOPMENT_TEAM = 5NJPLM4XY4;
				ENABLE_PREVIEWS = YES;
				GENERATE_INFOPLIST_FILE = YES;
				INFOPLIST_FILE = DAHA/Info.plist;
				INFOPLIST_KEY_UIApplicationSceneManifest_Generation = YES;
				INFOPLIST_KEY_UIApplicationSupportsIndirectInputEvents = YES;
				INFOPLIST_KEY_UISupportedInterfaceOrientations = UIInterfaceOrientationPortrait;
				INFOPLIST_KEY_UISupportedInterfaceOrientations_iPad = "UIInterfaceOrientationLandscapeLeft UIInterfaceOrientationLandscapeRight UIInterfaceOrientationPortrait UIInterfaceOrientationPortraitUpsideDown";
				INFOPLIST_KEY_UIUserInterfaceStyle = Light;
				IPHONEOS_DEPLOYMENT_TARGET = 15.0;
				LD_RUNPATH_SEARCH_PATHS = (
					"$(inherited)",
					"@executable_path/Frameworks",
				);
				MARKETING_VERSION = 1.0;
				PRODUCT_BUNDLE_IDENTIFIER = com.daha.DAHA;
				PRODUCT_NAME = "$(TARGET_NAME)";
				SUPPORTED_PLATFORMS = "iphoneos iphonesimulator";
				SUPPORTS_MACCATALYST = NO;
				SUPPORTS_MAC_DESIGNED_FOR_IPHONE_IPAD = NO;
				SWIFT_EMIT_LOC_STRINGS = YES;
				SWIFT_VERSION = 5.0;
				TARGETED_DEVICE_FAMILY = 1;
			};
			name = Release;
		};
/* End XCBuildConfiguration section */

/* Begin XCConfigurationList section */
		82CEFC292969CB2C00C55F67 /* Build configuration list for PBXProject "DAHA" */ = {
			isa = XCConfigurationList;
			buildConfigurations = (
				82CEFC3A2969CB2D00C55F67 /* Debug */,
				82CEFC3B2969CB2D00C55F67 /* Release */,
			);
			defaultConfigurationIsVisible = 0;
			defaultConfigurationName = Release;
		};
		82CEFC3C2969CB2D00C55F67 /* Build configuration list for PBXNativeTarget "DAHA" */ = {
			isa = XCConfigurationList;
			buildConfigurations = (
				82CEFC3D2969CB2D00C55F67 /* Debug */,
				82CEFC3E2969CB2D00C55F67 /* Release */,
			);
			defaultConfigurationIsVisible = 0;
			defaultConfigurationName = Release;
		};
/* End XCConfigurationList section */

/* Begin XCRemoteSwiftPackageReference section */
		8236CFDD296D34210086AB15 /* XCRemoteSwiftPackageReference "firebase-ios-sdk" */ = {
			isa = XCRemoteSwiftPackageReference;
			repositoryURL = "https://github.com/firebase/firebase-ios-sdk";
			requirement = {
				branch = master;
				kind = branch;
			};
		};
		82E75AC4297E35F600742F18 /* XCRemoteSwiftPackageReference "postmark-swift" */ = {
			isa = XCRemoteSwiftPackageReference;
			repositoryURL = "https://github.com/aronbudinszky/postmark-swift.git";
			requirement = {
				branch = main;
				kind = branch;
			};
		};
/* End XCRemoteSwiftPackageReference section */

/* Begin XCSwiftPackageProductDependency section */
		8236CFDE296D34210086AB15 /* FirebaseAnalytics */ = {
			isa = XCSwiftPackageProductDependency;
			package = 8236CFDD296D34210086AB15 /* XCRemoteSwiftPackageReference "firebase-ios-sdk" */;
			productName = FirebaseAnalytics;
		};
		8236CFE0296D34210086AB15 /* FirebaseAnalyticsOnDeviceConversion */ = {
			isa = XCSwiftPackageProductDependency;
			package = 8236CFDD296D34210086AB15 /* XCRemoteSwiftPackageReference "firebase-ios-sdk" */;
			productName = FirebaseAnalyticsOnDeviceConversion;
		};
		8236CFE2296D34210086AB15 /* FirebaseAnalyticsSwift */ = {
			isa = XCSwiftPackageProductDependency;
			package = 8236CFDD296D34210086AB15 /* XCRemoteSwiftPackageReference "firebase-ios-sdk" */;
			productName = FirebaseAnalyticsSwift;
		};
		8236CFE4296D34210086AB15 /* FirebaseAnalyticsWithoutAdIdSupport */ = {
			isa = XCSwiftPackageProductDependency;
			package = 8236CFDD296D34210086AB15 /* XCRemoteSwiftPackageReference "firebase-ios-sdk" */;
			productName = FirebaseAnalyticsWithoutAdIdSupport;
		};
		8236CFE6296D34210086AB15 /* FirebaseAuth */ = {
			isa = XCSwiftPackageProductDependency;
			package = 8236CFDD296D34210086AB15 /* XCRemoteSwiftPackageReference "firebase-ios-sdk" */;
			productName = FirebaseAuth;
		};
		8236CFE8296D34210086AB15 /* FirebaseCrashlytics */ = {
			isa = XCSwiftPackageProductDependency;
			package = 8236CFDD296D34210086AB15 /* XCRemoteSwiftPackageReference "firebase-ios-sdk" */;
			productName = FirebaseCrashlytics;
		};
		8236CFEA296D34210086AB15 /* FirebaseDynamicLinks */ = {
			isa = XCSwiftPackageProductDependency;
			package = 8236CFDD296D34210086AB15 /* XCRemoteSwiftPackageReference "firebase-ios-sdk" */;
			productName = FirebaseDynamicLinks;
		};
		8236CFEC296D34210086AB15 /* FirebaseFirestore */ = {
			isa = XCSwiftPackageProductDependency;
			package = 8236CFDD296D34210086AB15 /* XCRemoteSwiftPackageReference "firebase-ios-sdk" */;
			productName = FirebaseFirestore;
		};
		8236CFEE296D34210086AB15 /* FirebaseFirestoreSwift */ = {
			isa = XCSwiftPackageProductDependency;
			package = 8236CFDD296D34210086AB15 /* XCRemoteSwiftPackageReference "firebase-ios-sdk" */;
			productName = FirebaseFirestoreSwift;
		};
		8236CFF0296D34210086AB15 /* FirebaseFunctions */ = {
			isa = XCSwiftPackageProductDependency;
			package = 8236CFDD296D34210086AB15 /* XCRemoteSwiftPackageReference "firebase-ios-sdk" */;
			productName = FirebaseFunctions;
		};
		8236CFF2296D34210086AB15 /* FirebaseInAppMessaging-Beta */ = {
			isa = XCSwiftPackageProductDependency;
			package = 8236CFDD296D34210086AB15 /* XCRemoteSwiftPackageReference "firebase-ios-sdk" */;
			productName = "FirebaseInAppMessaging-Beta";
		};
		8236CFF4296D34210086AB15 /* FirebaseInAppMessagingSwift-Beta */ = {
			isa = XCSwiftPackageProductDependency;
			package = 8236CFDD296D34210086AB15 /* XCRemoteSwiftPackageReference "firebase-ios-sdk" */;
			productName = "FirebaseInAppMessagingSwift-Beta";
		};
		8236CFF6296D34210086AB15 /* FirebaseMessaging */ = {
			isa = XCSwiftPackageProductDependency;
			package = 8236CFDD296D34210086AB15 /* XCRemoteSwiftPackageReference "firebase-ios-sdk" */;
			productName = FirebaseMessaging;
		};
		8236CFF8296D34210086AB15 /* FirebasePerformance */ = {
			isa = XCSwiftPackageProductDependency;
			package = 8236CFDD296D34210086AB15 /* XCRemoteSwiftPackageReference "firebase-ios-sdk" */;
			productName = FirebasePerformance;
		};
		8236CFFA296D34210086AB15 /* FirebaseStorage */ = {
			isa = XCSwiftPackageProductDependency;
			package = 8236CFDD296D34210086AB15 /* XCRemoteSwiftPackageReference "firebase-ios-sdk" */;
			productName = FirebaseStorage;
		};
		82E75AC5297E35F600742F18 /* PostmarkSwift */ = {
			isa = XCSwiftPackageProductDependency;
			package = 82E75AC4297E35F600742F18 /* XCRemoteSwiftPackageReference "postmark-swift" */;
			productName = PostmarkSwift;
		};
/* End XCSwiftPackageProductDependency section */
	};
	rootObject = 82CEFC262969CB2C00C55F67 /* Project object */;
}
